{
  "nodes": {
    "crane": {
      "inputs": {
        "nixpkgs": [
          "nixpkgs"
        ]
      },
      "locked": {
        "lastModified": 1712163754,
        "narHash": "sha256-Y0IWNUt4S9abBhpt/MeUnRS21pnw+I01IF3lwgY0/tg=",
        "owner": "ipetkov",
        "repo": "crane",
        "rev": "171e22f974b1230e6765ea685f1eb799eb38d36a",
        "type": "github"
      },
      "original": {
        "owner": "ipetkov",
        "repo": "crane",
        "type": "github"
      }
    },
    "crane_2": {
      "inputs": {
        "flake-compat": "flake-compat",
        "flake-utils": [
          "wgsl-nix",
          "flake-utils"
        ],
        "nixpkgs": [
          "wgsl-nix",
          "nixpkgs"
        ],
        "rust-overlay": "rust-overlay"
      },
      "locked": {
        "lastModified": 1681680516,
        "narHash": "sha256-EB8Adaeg4zgcYDJn9sR6UMjN/OHdIiMMK19+3LmmXQY=",
        "owner": "ipetkov",
        "repo": "crane",
        "rev": "54b63c8eae4c50172cb50b612946ff1d2bc1c75c",
        "type": "github"
      },
      "original": {
        "owner": "ipetkov",
        "repo": "crane",
        "type": "github"
      }
    },
    "fenix": {
      "inputs": {
        "nixpkgs": [
          "nixpkgs"
        ],
        "rust-analyzer-src": "rust-analyzer-src"
      },
      "locked": {
        "lastModified": 1712125370,
        "narHash": "sha256-hrfohhBMoeG+cZIt5hr+QDo5Y4ZU52pVu9lGh0Efong=",
        "owner": "nix-community",
        "repo": "fenix",
        "rev": "97d6dbee004b24057fa2a6f2e4a5c535259d8aed",
        "type": "github"
      },
      "original": {
        "owner": "nix-community",
        "repo": "fenix",
        "type": "github"
      }
    },
    "flake-compat": {
      "flake": false,
      "locked": {
        "lastModified": 1673956053,
        "narHash": "sha256-4gtG9iQuiKITOjNQQeQIpoIB6b16fm+504Ch3sNKLd8=",
        "owner": "edolstra",
        "repo": "flake-compat",
        "rev": "35bb57c0c8d8b62bbfd284272c928ceb64ddbde9",
        "type": "github"
      },
      "original": {
        "owner": "edolstra",
        "repo": "flake-compat",
        "type": "github"
      }
    },
    "flake-utils": {
      "inputs": {
        "systems": "systems"
      },
      "locked": {
        "lastModified": 1710146030,
        "narHash": "sha256-SZ5L6eA7HJ/nmkzGG7/ISclqe6oZdOZTNoesiInkXPQ=",
        "owner": "numtide",
        "repo": "flake-utils",
        "rev": "b1d9ab70662946ef0850d488da1c9019f3a9752a",
        "type": "github"
      },
      "original": {
        "owner": "numtide",
        "repo": "flake-utils",
        "type": "github"
      }
    },
    "flake-utils_2": {
      "inputs": {
        "systems": "systems_2"
      },
      "locked": {
        "lastModified": 1681202837,
        "narHash": "sha256-H+Rh19JDwRtpVPAWp64F+rlEtxUWBAQW28eAi3SRSzg=",
        "owner": "numtide",
        "repo": "flake-utils",
        "rev": "cfacdce06f30d2b68473a46042957675eebb3401",
        "type": "github"
      },
      "original": {
        "owner": "numtide",
        "repo": "flake-utils",
        "type": "github"
      }
    },
    "naersk": {
      "inputs": {
        "nixpkgs": "nixpkgs_2"
      },
      "locked": {
        "lastModified": 1679567394,
        "narHash": "sha256-ZvLuzPeARDLiQUt6zSZFGOs+HZmE+3g4QURc8mkBsfM=",
        "owner": "nix-community",
        "repo": "naersk",
        "rev": "88cd22380154a2c36799fe8098888f0f59861a15",
        "type": "github"
      },
      "original": {
        "owner": "nix-community",
        "repo": "naersk",
        "type": "github"
      }
    },
    "nixpkgs": {
      "locked": {
        "lastModified": 1712090461,
        "narHash": "sha256-PAfFp+YEKpkzwz6ruXQMvTa1puO4ySSu2G4Sp/jkCc8=",
        "owner": "nixos",
        "repo": "nixpkgs",
        "rev": "e976fa8f49c35cf28496301a1ef2aa23ad576b56",
        "type": "github"
      },
      "original": {
        "owner": "nixos",
        "ref": "nixpkgs-unstable",
        "repo": "nixpkgs",
        "type": "github"
      }
    },
    "nixpkgs_2": {
      "locked": {
        "lastModified": 1682109806,
        "narHash": "sha256-d9g7RKNShMLboTWwukM+RObDWWpHKaqTYXB48clBWXI=",
        "owner": "NixOS",
        "repo": "nixpkgs",
        "rev": "2362848adf8def2866fabbffc50462e929d7fffb",
        "type": "github"
      },
      "original": {
        "id": "nixpkgs",
        "type": "indirect"
      }
    },
    "root": {
      "inputs": {
        "crane": "crane",
        "fenix": "fenix",
        "flake-utils": "flake-utils",
        "nixpkgs": "nixpkgs",
        "wgsl-nix": "wgsl-nix"
      }
    },
    "rust-analyzer-src": {
      "flake": false,
      "locked": {
        "lastModified": 1712067202,
        "narHash": "sha256-pisa+RuBVSf6D7YtUymrT9WVKcy1D3FLE1Ty9MIOrFo=",
        "owner": "rust-lang",
        "repo": "rust-analyzer",
        "rev": "c3b8c2a25413e2aa58295d18c12902a624471b74",
        "type": "github"
      },
      "original": {
        "owner": "rust-lang",
        "ref": "nightly",
        "repo": "rust-analyzer",
        "type": "github"
      }
    },
    "rust-overlay": {
      "inputs": {
        "flake-utils": [
          "wgsl-nix",
          "crane",
          "flake-utils"
        ],
        "nixpkgs": [
          "wgsl-nix",
          "crane",
          "nixpkgs"
        ]
      },
      "locked": {
        "lastModified": 1680488274,
        "narHash": "sha256-0vYMrZDdokVmPQQXtFpnqA2wEgCCUXf5a3dDuDVshn0=",
        "owner": "oxalica",
        "repo": "rust-overlay",
        "rev": "7ec2ff598a172c6e8584457167575b3a1a5d80d8",
        "type": "github"
      },
      "original": {
        "owner": "oxalica",
        "repo": "rust-overlay",
        "type": "github"
      }
    },
    "systems": {
      "locked": {
        "lastModified": 1681028828,
        "narHash": "sha256-Vy1rq5AaRuLzOxct8nz4T6wlgyUR7zLU309k9mBC768=",
        "owner": "nix-systems",
        "repo": "default",
        "rev": "da67096a3b9bf56a91d16901293e51ba5b49a27e",
        "type": "github"
      },
      "original": {
        "owner": "nix-systems",
        "repo": "default",
        "type": "github"
      }
    },
    "systems_2": {
      "locked": {
        "lastModified": 1681028828,
        "narHash": "sha256-Vy1rq5AaRuLzOxct8nz4T6wlgyUR7zLU309k9mBC768=",
        "owner": "nix-systems",
        "repo": "default",
        "rev": "da67096a3b9bf56a91d16901293e51ba5b49a27e",
        "type": "github"
      },
      "original": {
        "owner": "nix-systems",
        "repo": "default",
        "type": "github"
      }
    },
    "wgsl-analyzer": {
      "flake": false,
      "locked": {
        "lastModified": 1681587549,
        "narHash": "sha256-1qfARXx8pMO9A/S8Mmn7QU93hv1YgCraYevxmftwFEw=",
        "owner": "wgsl-analyzer",
        "repo": "wgsl-analyzer",
        "rev": "ce6608c736780d36b374e2c52a5a5958412017a1",
        "type": "github"
      },
      "original": {
        "owner": "wgsl-analyzer",
        "repo": "wgsl-analyzer",
        "type": "github"
      }
    },
    "wgsl-nix": {
      "inputs": {
        "crane": "crane_2",
        "flake-utils": "flake-utils_2",
        "naersk": "naersk",
        "nixpkgs": [
          "nixpkgs"
        ],
        "wgsl-analyzer": "wgsl-analyzer"
      },
      "locked": {
        "lastModified": 1682443436,
        "narHash": "sha256-7zu1WlLhcNw+WlvFoVhLHwe6oszjYt0STpp+mSq0DLY=",
        "owner": "AdrienDML",
        "repo": "wgsl-nix",
        "rev": "94071204e7df5fbc2e2145be2d572b7453a24749",
        "type": "github"
      },
      "original": {
        "owner": "AdrienDML",
        "repo": "wgsl-nix",
        "type": "github"
      }
    }
  },
  "root": "root",
  "version": 7
}
